{
  "name": "react-webpack-server-side-example",
  "version": "0.0.0",
  "lockfileVersion": 1,
  "requires": true,
  "dependencies": {
    "Base64": {
      "version": "0.2.1",
      "resolved": "https://registry.npmjs.org/Base64/-/Base64-0.2.1.tgz",
      "integrity": "sha1-ujpCMHCOGGcFBl5mur3Uw1z2ACg="
    },
    "accepts": {
      "version": "1.0.7",
      "resolved": "https://registry.npmjs.org/accepts/-/accepts-1.0.7.tgz",
      "integrity": "sha1-W1AftPBwQwmWTM2wSBclQSCNqxo=",
      "requires": {
        "mime-types": "1.0.2",
        "negotiator": "0.4.7"
      }
    },
    "amdefine": {
      "version": "1.0.1",
      "resolved": "https://registry.npmjs.org/amdefine/-/amdefine-1.0.1.tgz",
      "integrity": "sha1-SlKCrBZHKek2Gbz9OtFR+BfOkfU="
    },
    "assert": {
      "version": "1.4.1",
      "resolved": "https://registry.npmjs.org/assert/-/assert-1.4.1.tgz",
      "integrity": "sha1-mZEtWRg2tab1s0XA8H7vwI/GXZE=",
      "requires": {
        "util": "0.10.3"
      }
    },
    "ast-types": {
      "version": "0.4.13",
      "resolved": "https://registry.npmjs.org/ast-types/-/ast-types-0.4.13.tgz",
      "integrity": "sha1-RFvQsPI1Ao9dxbUy/KJ9x7Ge11Q=",
      "requires": {
        "depd": "1.0.1"
      },
      "dependencies": {
        "depd": {
          "version": "1.0.1",
          "resolved": "https://registry.npmjs.org/depd/-/depd-1.0.1.tgz",
          "integrity": "sha1-gK7GTJ1tl+ZcwqnKqTwKpqv3Oqo="
        }
      }
    },
    "async": {
      "version": "0.9.2",
      "resolved": "https://registry.npmjs.org/async/-/async-0.9.2.tgz",
      "integrity": "sha1-rqdNXmHB+JlhO/ZL2mbUx48v0X0="
    },
    "base62": {
      "version": "0.1.1",
      "resolved": "https://registry.npmjs.org/base62/-/base62-0.1.1.tgz",
      "integrity": "sha1-e0F0wvlESXU7EcJlHAg9qEGnsIQ="
    },
    "base64-js": {
      "version": "0.0.7",
      "resolved": "https://registry.npmjs.org/base64-js/-/base64-js-0.0.7.tgz",
      "integrity": "sha1-VEANyR1pbOwyqKR5AvlxUi/uj0g="
    },
    "big.js": {
      "version": "3.2.0",
      "resolved": "https://registry.npmjs.org/big.js/-/big.js-3.2.0.tgz",
      "integrity": "sha512-+hN/Zh2D08Mx65pZ/4g5bsmNiZUuChDiQfTUQ7qJr4/kuopCr88xZsAXv6mBoZEsUI4OuGHlX59qE94K2mMW8Q=="
    },
    "browserify-zlib": {
      "version": "0.1.4",
      "resolved": "https://registry.npmjs.org/browserify-zlib/-/browserify-zlib-0.1.4.tgz",
      "integrity": "sha1-uzX4pRn2AOD6a4SFJByXnQFB+y0=",
      "requires": {
        "pako": "0.2.9"
      }
    },
    "buffer": {
      "version": "2.8.2",
      "resolved": "https://registry.npmjs.org/buffer/-/buffer-2.8.2.tgz",
      "integrity": "sha1-1zwhTAM0OE3CmwTuD/X1Unx5dOc=",
      "requires": {
        "base64-js": "0.0.7",
        "ieee754": "1.1.8",
        "is-array": "1.0.1"
      }
    },
    "buffer-crc32": {
      "version": "0.2.3",
      "resolved": "https://registry.npmjs.org/buffer-crc32/-/buffer-crc32-0.2.3.tgz",
      "integrity": "sha1-u1RRnpXRB8vSQA520MqxRnM22SE="
    },
    "camelcase": {
      "version": "1.2.1",
      "resolved": "https://registry.npmjs.org/camelcase/-/camelcase-1.2.1.tgz",
      "integrity": "sha1-m7UwTS4LVmmLLHWLCKPqqdqlijk="
    },
    "clone": {
      "version": "0.1.19",
      "resolved": "https://registry.npmjs.org/clone/-/clone-0.1.19.tgz",
      "integrity": "sha1-YT+2hjmyaklKxTJT4Vsaa9iK2oU="
    },
    "cls": {
      "version": "0.1.5",
      "resolved": "https://registry.npmjs.org/cls/-/cls-0.1.5.tgz",
      "integrity": "sha1-3zIYz50UgHR/WE2IsZt0xrKBMXs="
    },
    "commander": {
      "version": "2.2.0",
      "resolved": "https://registry.npmjs.org/commander/-/commander-2.2.0.tgz",
      "integrity": "sha1-F1rUuTF/P/YV8gHB5XIk9Vo+kd8="
    },
    "commoner": {
      "version": "0.9.8",
      "resolved": "https://registry.npmjs.org/commoner/-/commoner-0.9.8.tgz",
      "integrity": "sha1-IvWViPE0o6+gSq6pfou1dJcqze0=",
      "requires": {
        "commander": "2.2.0",
        "glob": "3.2.11",
        "graceful-fs": "2.0.3",
        "iconv-lite": "0.2.11",
        "install": "0.1.8",
        "mkdirp": "0.3.5",
        "private": "0.1.8",
        "q": "1.0.1",
        "recast": "0.7.5"
      }
    },
    "console-browserify": {
      "version": "1.1.0",
      "resolved": "https://registry.npmjs.org/console-browserify/-/console-browserify-1.1.0.tgz",
      "integrity": "sha1-8CQcRXMKn8YyOyBtvzjtx0HQuxA=",
      "requires": {
        "date-now": "0.1.4"
      }
    },
    "constants-browserify": {
      "version": "0.0.1",
      "resolved": "https://registry.npmjs.org/constants-browserify/-/constants-browserify-0.0.1.tgz",
      "integrity": "sha1-kld9tSe6bEzwpFaNhLwDH0QeIfI="
    },
    "cookie": {
      "version": "0.1.2",
      "resolved": "https://registry.npmjs.org/cookie/-/cookie-0.1.2.tgz",
      "integrity": "sha1-cv7D0k5Io0Mgc9kMEmQgBQYQBLE="
    },
    "cookie-signature": {
      "version": "1.0.4",
      "resolved": "https://registry.npmjs.org/cookie-signature/-/cookie-signature-1.0.4.tgz",
      "integrity": "sha1-Dt0iKG46ERuaKnDbNj6SXoZ/aso="
    },
    "core-util-is": {
      "version": "1.0.2",
      "resolved": "https://registry.npmjs.org/core-util-is/-/core-util-is-1.0.2.tgz",
      "integrity": "sha1-tf1UIgqivFq1eqtxQMlAdUUDwac="
    },
    "crypto-browserify": {
      "version": "2.1.10",
      "resolved": "https://registry.npmjs.org/crypto-browserify/-/crypto-browserify-2.1.10.tgz",
      "integrity": "sha1-TyymMRhDzwh83wCOQ6TzaG725rs=",
      "requires": {
        "ripemd160": "0.2.0",
        "sha.js": "2.1.6"
      }
    },
    "css-loader": {
      "version": "0.7.1",
      "resolved": "https://registry.npmjs.org/css-loader/-/css-loader-0.7.1.tgz",
      "integrity": "sha1-xXgfsWJT2ts4eUxsMn07StpiWCM=",
      "requires": {
        "csso": "1.3.12",
        "loader-utils": "0.2.17",
        "source-map": "0.1.43"
      }
    },
    "csso": {
      "version": "1.3.12",
      "resolved": "https://registry.npmjs.org/csso/-/csso-1.3.12.tgz",
      "integrity": "sha1-/GKGlKLTiTiqrEmWdTIY/TEc254="
    },
    "date-now": {
      "version": "0.1.4",
      "resolved": "https://registry.npmjs.org/date-now/-/date-now-0.1.4.tgz",
      "integrity": "sha1-6vQ5/U1ISK105cx9vvIAZyueNFs="
    },
    "debug": {
      "version": "1.0.2",
      "resolved": "https://registry.npmjs.org/debug/-/debug-1.0.2.tgz",
      "integrity": "sha1-OElZHBDM5khHbDx8Li40FttZY8Q=",
      "requires": {
        "ms": "0.6.2"
      }
    },
    "decamelize": {
      "version": "1.2.0",
      "resolved": "https://registry.npmjs.org/decamelize/-/decamelize-1.2.0.tgz",
      "integrity": "sha1-9lNNFRSCabIDUue+4m9QH5oZEpA="
    },
    "depd": {
      "version": "0.3.0",
      "resolved": "https://registry.npmjs.org/depd/-/depd-0.3.0.tgz",
      "integrity": "sha1-Ecm8KOQlMl+9iziUC+/2n6UyaIM="
    },
    "domain-browser": {
      "version": "1.1.7",
      "resolved": "https://registry.npmjs.org/domain-browser/-/domain-browser-1.1.7.tgz",
      "integrity": "sha1-hnqksJP6oF8d4IwG9NeyH9+GmLw="
    },
    "ee-first": {
      "version": "1.0.3",
      "resolved": "https://registry.npmjs.org/ee-first/-/ee-first-1.0.3.tgz",
      "integrity": "sha1-bJjECJq+y1p7hcGsRJqmA9Oz2r4="
    },
    "emojis-list": {
      "version": "2.1.0",
      "resolved": "https://registry.npmjs.org/emojis-list/-/emojis-list-2.1.0.tgz",
      "integrity": "sha1-TapNnbAPmBmIDHn6RXrlsJof04k="
    },
    "enhanced-resolve": {
      "version": "0.7.6",
      "resolved": "https://registry.npmjs.org/enhanced-resolve/-/enhanced-resolve-0.7.6.tgz",
      "integrity": "sha1-SkKfdhM9qCZgmOVL6CDhZdN+XM8=",
      "requires": {
        "graceful-fs": "2.0.3",
        "memory-fs": "0.1.1",
        "tapable": "0.1.10"
      }
    },
    "envify": {
      "version": "1.2.1",
      "resolved": "https://registry.npmjs.org/envify/-/envify-1.2.1.tgz",
      "integrity": "sha1-rDTjZ2+QNdWVGP71fZkUokoYdno=",
      "requires": {
        "esprima-fb": "3001.1.0-dev-harmony-fb",
        "jstransform": "3.0.0",
        "through": "2.3.8",
        "xtend": "2.1.2"
      }
    },
    "escape-html": {
      "version": "1.0.1",
      "resolved": "https://registry.npmjs.org/escape-html/-/escape-html-1.0.1.tgz",
      "integrity": "sha1-GBoobq05ejmpKFfPsdQwUuNWv/A="
    },
    "esprima-fb": {
      "version": "3001.1.0-dev-harmony-fb",
      "resolved": "https://registry.npmjs.org/esprima-fb/-/esprima-fb-3001.0001.0000-dev-harmony-fb.tgz",
      "integrity": "sha1-t303q8046gt3Qmu4vCkizmtCZBE="
    },
    "events": {
      "version": "1.1.1",
      "resolved": "https://registry.npmjs.org/events/-/events-1.1.1.tgz",
      "integrity": "sha1-nr23Y1rQmccNzEwqH1AEKI6L2SQ="
    },
    "express": {
      "version": "4.5.1",
      "resolved": "https://registry.npmjs.org/express/-/express-4.5.1.tgz",
      "integrity": "sha1-S8Pm7J2yjldf5ZHDb7t4H/72/nw=",
      "requires": {
        "accepts": "1.0.7",
        "buffer-crc32": "0.2.3",
        "cookie": "0.1.2",
        "cookie-signature": "1.0.4",
        "debug": "1.0.2",
        "depd": "0.3.0",
        "escape-html": "1.0.1",
        "finalhandler": "0.0.2",
        "fresh": "0.2.2",
        "media-typer": "0.2.0",
        "merge-descriptors": "0.0.2",
        "methods": "1.0.1",
        "parseurl": "1.0.1",
        "path-to-regexp": "0.1.2",
        "proxy-addr": "1.0.1",
        "qs": "0.6.6",
        "range-parser": "1.0.0",
        "send": "0.5.0",
        "serve-static": "1.3.2",
        "type-is": "1.3.2",
        "utils-merge": "1.0.0",
        "vary": "0.1.0"
      }
    },
    "file-loader": {
      "version": "0.5.1",
      "resolved": "https://registry.npmjs.org/file-loader/-/file-loader-0.5.1.tgz",
      "integrity": "sha1-1RGS9JTZA2blC2CkX6h7+hM0cU8=",
      "requires": {
        "loader-utils": "0.2.17"
      }
    },
    "finalhandler": {
      "version": "0.0.2",
      "resolved": "https://registry.npmjs.org/finalhandler/-/finalhandler-0.0.2.tgz",
      "integrity": "sha1-BgPYde6H1WeiZmkoFcyK1E/M7to=",
      "requires": {
        "debug": "1.0.2",
        "escape-html": "1.0.1"
      }
    },
    "finished": {
      "version": "1.2.2",
      "resolved": "https://registry.npmjs.org/finished/-/finished-1.2.2.tgz",
      "integrity": "sha1-QWCOr639ZWg7RqEiC8Sx7D2u3Ng=",
      "requires": {
        "ee-first": "1.0.3"
      }
    },
    "fresh": {
      "version": "0.2.2",
      "resolved": "https://registry.npmjs.org/fresh/-/fresh-0.2.2.tgz",
      "integrity": "sha1-lzHc9WeMf660T7kDxPct9VGH+nc="
    },
    "glob": {
      "version": "3.2.11",
      "resolved": "https://registry.npmjs.org/glob/-/glob-3.2.11.tgz",
      "integrity": "sha1-Spc/Y1uRkPcV0QmH1cAP0oFevj0=",
      "requires": {
        "inherits": "2.0.3",
        "minimatch": "0.3.0"
      }
    },
    "graceful-fs": {
      "version": "2.0.3",
      "resolved": "https://registry.npmjs.org/graceful-fs/-/graceful-fs-2.0.3.tgz",
      "integrity": "sha1-fNLNsiiko/Nule+mzBQt59GhNtA="
    },
    "http-browserify": {
      "version": "1.7.0",
      "resolved": "https://registry.npmjs.org/http-browserify/-/http-browserify-1.7.0.tgz",
      "integrity": "sha1-M3la3nLfiKz7/TZ3PO/tp2RzWyA=",
      "requires": {
        "Base64": "0.2.1",
        "inherits": "2.0.3"
      }
    },
    "https-browserify": {
      "version": "0.0.0",
      "resolved": "https://registry.npmjs.org/https-browserify/-/https-browserify-0.0.0.tgz",
      "integrity": "sha1-s//f5zSyo9Sp79WOhlTJH86G6v0="
    },
    "iconv-lite": {
      "version": "0.2.11",
      "resolved": "https://registry.npmjs.org/iconv-lite/-/iconv-lite-0.2.11.tgz",
      "integrity": "sha1-HOYKOleGSiktEyH/RgnKS7llrcg="
    },
    "ieee754": {
      "version": "1.1.8",
      "resolved": "https://registry.npmjs.org/ieee754/-/ieee754-1.1.8.tgz",
      "integrity": "sha1-vjPUCsEO8ZJnAfbwii2G+/0a0+Q="
    },
    "indexof": {
      "version": "0.0.1",
      "resolved": "https://registry.npmjs.org/indexof/-/indexof-0.0.1.tgz",
      "integrity": "sha1-gtwzbSMrkGIXnQWrMpOmYFn9Q10="
    },
    "inherits": {
      "version": "2.0.3",
      "resolved": "https://registry.npmjs.org/inherits/-/inherits-2.0.3.tgz",
      "integrity": "sha1-Yzwsg+PaQqUC9SRmAiSA9CCCYd4="
    },
    "install": {
      "version": "0.1.8",
      "resolved": "https://registry.npmjs.org/install/-/install-0.1.8.tgz",
      "integrity": "sha1-mYDvk+MN+1NHeNFjvIbd1HKtX+g="
    },
    "ipaddr.js": {
      "version": "0.1.2",
      "resolved": "https://registry.npmjs.org/ipaddr.js/-/ipaddr.js-0.1.2.tgz",
      "integrity": "sha1-ah/T2FT1ACllw017vNm0qNSwRn4="
    },
    "is-array": {
      "version": "1.0.1",
      "resolved": "https://registry.npmjs.org/is-array/-/is-array-1.0.1.tgz",
      "integrity": "sha1-6YUMwsyGDDvAl36EzPDdRkWEJ5o="
    },
    "isarray": {
      "version": "0.0.1",
      "resolved": "https://registry.npmjs.org/isarray/-/isarray-0.0.1.tgz",
      "integrity": "sha1-ihis/Kmo9Bd+Cav8YDiTmwXR7t8="
    },
    "json-loader": {
      "version": "0.5.7",
      "resolved": "https://registry.npmjs.org/json-loader/-/json-loader-0.5.7.tgz",
      "integrity": "sha512-QLPs8Dj7lnf3e3QYS1zkCo+4ZwqOiF9d/nZnYozTISxXWCfNs9yuky5rJw4/W34s7POaNlbZmQGaB5NiXCbP4w=="
    },
    "json5": {
      "version": "0.5.1",
      "resolved": "https://registry.npmjs.org/json5/-/json5-0.5.1.tgz",
      "integrity": "sha1-Hq3nrMASA0rYTiOWdn6tn6VJWCE="
    },
    "jstransform": {
      "version": "3.0.0",
      "resolved": "https://registry.npmjs.org/jstransform/-/jstransform-3.0.0.tgz",
      "integrity": "sha1-olkats7o2XvzvoMNv6IxO4fNZAs=",
      "requires": {
        "base62": "0.1.1",
        "esprima-fb": "3001.1.0-dev-harmony-fb",
        "source-map": "0.1.31"
      },
      "dependencies": {
        "source-map": {
          "version": "0.1.31",
          "resolved": "https://registry.npmjs.org/source-map/-/source-map-0.1.31.tgz",
          "integrity": "sha1-n3BNDWnZ4TioG63267T94z0VHGE=",
          "requires": {
            "amdefine": "1.0.1"
          }
        }
      }
    },
    "jsx-loader": {
      "version": "0.10.2",
      "resolved": "https://registry.npmjs.org/jsx-loader/-/jsx-loader-0.10.2.tgz",
      "integrity": "sha1-90EHNsaTexG9P1vM1j/EJID5fCM=",
      "requires": {
        "loader-utils": "0.2.17",
        "react-tools": "0.10.0"
      }
    },
    "loader-utils": {
      "version": "0.2.17",
      "resolved": "https://registry.npmjs.org/loader-utils/-/loader-utils-0.2.17.tgz",
      "integrity": "sha1-+G5jdNQyBabmxg6RlvF8Apm/s0g=",
      "requires": {
        "big.js": "3.2.0",
        "emojis-list": "2.1.0",
        "json5": "0.5.1",
        "object-assign": "4.1.1"
      }
    },
    "lru-cache": {
      "version": "2.7.3",
      "resolved": "https://registry.npmjs.org/lru-cache/-/lru-cache-2.7.3.tgz",
      "integrity": "sha1-bUUk6LlV+V1PW1iFHOId1y+06VI="
    },
    "media-typer": {
      "version": "0.2.0",
      "resolved": "https://registry.npmjs.org/media-typer/-/media-typer-0.2.0.tgz",
      "integrity": "sha1-2KBlITrf6qLnYyGitt2jb/YzWYQ="
    },
    "memory-fs": {
      "version": "0.1.1",
      "resolved": "https://registry.npmjs.org/memory-fs/-/memory-fs-0.1.1.tgz",
      "integrity": "sha1-vsmX6GVKKXUyBuO5IYCYab7A6UM="
    },
    "merge-descriptors": {
      "version": "0.0.2",
      "resolved": "https://registry.npmjs.org/merge-descriptors/-/merge-descriptors-0.0.2.tgz",
      "integrity": "sha1-w2pSp4FDdRPFcnXzndnTF1FKyMc="
    },
    "methods": {
      "version": "1.0.1",
      "resolved": "https://registry.npmjs.org/methods/-/methods-1.0.1.tgz",
      "integrity": "sha1-dbyRlD3/19oDfPPusO1zoAN80Us="
    },
    "mime": {
      "version": "1.2.11",
      "resolved": "https://registry.npmjs.org/mime/-/mime-1.2.11.tgz",
      "integrity": "sha1-WCA+7Ybjpe8XrtK32evUfwpg3RA="
    },
    "mime-types": {
      "version": "1.0.2",
      "resolved": "https://registry.npmjs.org/mime-types/-/mime-types-1.0.2.tgz",
      "integrity": "sha1-mVrhOSq4r/y/yyZB3QVOlDwNXc4="
    },
    "minimatch": {
      "version": "0.3.0",
      "resolved": "https://registry.npmjs.org/minimatch/-/minimatch-0.3.0.tgz",
      "integrity": "sha1-J12O2qxPG7MyZHIInnlJyDlGmd0=",
      "requires": {
        "lru-cache": "2.7.3",
        "sigmund": "1.0.1"
      }
    },
    "minimist": {
      "version": "0.0.8",
      "resolved": "https://registry.npmjs.org/minimist/-/minimist-0.0.8.tgz",
      "integrity": "sha1-hX/Kv8M5fSYluCKCYuhqp6ARsF0="
    },
    "mkdirp": {
      "version": "0.3.5",
      "resolved": "https://registry.npmjs.org/mkdirp/-/mkdirp-0.3.5.tgz",
      "integrity": "sha1-3j5fiWHIjHh+4TaN+EmsRBPsqNc="
    },
    "ms": {
      "version": "0.6.2",
      "resolved": "https://registry.npmjs.org/ms/-/ms-0.6.2.tgz",
      "integrity": "sha1-2JwhJMb9wTU9Zai3e/GqxLGTcIw="
    },
    "negotiator": {
      "version": "0.4.7",
      "resolved": "https://registry.npmjs.org/negotiator/-/negotiator-0.4.7.tgz",
      "integrity": "sha1-pBYPcXfsgGc4Yx0NMFIyXaQqvcg="
    },
    "node-libs-browser": {
      "version": "0.3.1",
      "resolved": "https://registry.npmjs.org/node-libs-browser/-/node-libs-browser-0.3.1.tgz",
      "integrity": "sha1-psMY0etDvXQMchk7r7YjahGqcIg=",
      "requires": {
        "assert": "1.4.1",
        "browserify-zlib": "0.1.4",
        "buffer": "2.8.2",
        "console-browserify": "1.1.0",
        "constants-browserify": "0.0.1",
        "crypto-browserify": "2.1.10",
        "domain-browser": "1.1.7",
        "events": "1.1.1",
        "http-browserify": "1.7.0",
        "https-browserify": "0.0.0",
        "os-browserify": "0.1.2",
        "path-browserify": "0.0.0",
        "process": "0.7.0",
        "punycode": "1.4.1",
        "querystring-es3": "0.2.1",
        "readable-stream": "1.1.14",
        "stream-browserify": "1.0.0",
        "string_decoder": "0.10.31",
        "timers-browserify": "1.4.2",
        "tty-browserify": "0.0.0",
        "url": "0.10.3",
        "util": "0.10.3",
        "vm-browserify": "0.0.4"
      }
    },
    "object-assign": {
      "version": "4.1.1",
      "resolved": "https://registry.npmjs.org/object-assign/-/object-assign-4.1.1.tgz",
      "integrity": "sha1-IQmtx5ZYh8/AXLvUQsrIv7s2CGM="
    },
    "object-keys": {
      "version": "0.4.0",
      "resolved": "https://registry.npmjs.org/object-keys/-/object-keys-0.4.0.tgz",
      "integrity": "sha1-KKaq50KN0sOpLz2V8hM13SBOAzY="
    },
    "optimist": {
      "version": "0.6.1",
      "resolved": "https://registry.npmjs.org/optimist/-/optimist-0.6.1.tgz",
      "integrity": "sha1-2j6nRob6IaGaERwybpDrFaAZZoY=",
      "requires": {
        "minimist": "0.0.8",
        "wordwrap": "0.0.3"
      }
    },
    "os-browserify": {
      "version": "0.1.2",
      "resolved": "https://registry.npmjs.org/os-browserify/-/os-browserify-0.1.2.tgz",
      "integrity": "sha1-ScoCk+CxlZCl9d4Qx/JlphfY/lQ="
    },
    "pako": {
      "version": "0.2.9",
      "resolved": "https://registry.npmjs.org/pako/-/pako-0.2.9.tgz",
      "integrity": "sha1-8/dSL073gjSNqBYbrZ7P1Rv4OnU="
    },
    "parseurl": {
      "version": "1.0.1",
      "resolved": "https://registry.npmjs.org/parseurl/-/parseurl-1.0.1.tgz",
      "integrity": "sha1-Llfc5u/dN8NRhwEDCUTCK/OIt7Q="
    },
    "path-browserify": {
      "version": "0.0.0",
      "resolved": "https://registry.npmjs.org/path-browserify/-/path-browserify-0.0.0.tgz",
      "integrity": "sha1-oLhwcpquIUAFt9UDLsLLuw+0RRo="
    },
    "path-to-regexp": {
      "version": "0.1.2",
      "resolved": "https://registry.npmjs.org/path-to-regexp/-/path-to-regexp-0.1.2.tgz",
      "integrity": "sha1-mysVH5zDAYye6lDKlXKeBXgXErQ="
    },
    "private": {
      "version": "0.1.8",
      "resolved": "https://registry.npmjs.org/private/-/private-0.1.8.tgz",
      "integrity": "sha512-VvivMrbvd2nKkiG38qjULzlc+4Vx4wm/whI9pQD35YrARNnhxeiRktSOhSukRLFNlzg6Br/cJPet5J/u19r/mg=="
    },
    "process": {
      "version": "0.7.0",
      "resolved": "https://registry.npmjs.org/process/-/process-0.7.0.tgz",
      "integrity": "sha1-xSIIFho0rfOBI0SuhdPmFQRpOJ0="
    },
    "proxy-addr": {
      "version": "1.0.1",
      "resolved": "https://registry.npmjs.org/proxy-addr/-/proxy-addr-1.0.1.tgz",
      "integrity": "sha1-x8Vm1etOP61n7rnHfFVYzMObiKg=",
      "requires": {
        "ipaddr.js": "0.1.2"
      }
    },
    "punycode": {
      "version": "1.4.1",
      "resolved": "https://registry.npmjs.org/punycode/-/punycode-1.4.1.tgz",
      "integrity": "sha1-wNWmOycYgArY4esPpSachN1BhF4="
    },
    "q": {
      "version": "1.0.1",
      "resolved": "https://registry.npmjs.org/q/-/q-1.0.1.tgz",
      "integrity": "sha1-EYcq7t7okmgRCxCnGESP+xARKhQ="
    },
    "qs": {
      "version": "0.6.6",
      "resolved": "https://registry.npmjs.org/qs/-/qs-0.6.6.tgz",
      "integrity": "sha1-bgFQmP9RlouKPIGQAdXyyJvEsQc="
    },
    "querystring": {
      "version": "0.2.0",
      "resolved": "https://registry.npmjs.org/querystring/-/querystring-0.2.0.tgz",
      "integrity": "sha1-sgmEkgO7Jd+CDadW50cAWHhSFiA="
    },
    "querystring-es3": {
      "version": "0.2.1",
      "resolved": "https://registry.npmjs.org/querystring-es3/-/querystring-es3-0.2.1.tgz",
      "integrity": "sha1-nsYfeQSYdXB9aUFFlv2Qek1xHnM="
    },
    "range-parser": {
      "version": "1.0.0",
      "resolved": "https://registry.npmjs.org/range-parser/-/range-parser-1.0.0.tgz",
      "integrity": "sha1-pLJkz+C+XONqvjdlrJwqJIdG28A="
    },
    "react": {
      "version": "0.10.0",
      "resolved": "https://registry.npmjs.org/react/-/react-0.10.0.tgz",
      "integrity": "sha1-jIJ1NZPT8yXKmdgg90AKsC8e4fg="
    },
    "react-tools": {
      "version": "0.10.0",
      "resolved": "https://registry.npmjs.org/react-tools/-/react-tools-0.10.0.tgz",
      "integrity": "sha1-IHhm+GO7B4KKmRHSzoI6Ke+90f8=",
      "requires": {
        "commoner": "0.9.8",
        "esprima-fb": "3001.1.0-dev-harmony-fb",
        "jstransform": "3.0.0"
      }
    },
    "readable-stream": {
      "version": "1.1.14",
      "resolved": "https://registry.npmjs.org/readable-stream/-/readable-stream-1.1.14.tgz",
      "integrity": "sha1-fPTFTvZI44EwhMY23SB54WbAgdk=",
      "requires": {
        "core-util-is": "1.0.2",
        "inherits": "2.0.3",
        "isarray": "0.0.1",
        "string_decoder": "0.10.31"
      }
    },
    "recast": {
      "version": "0.7.5",
      "resolved": "https://registry.npmjs.org/recast/-/recast-0.7.5.tgz",
      "integrity": "sha1-Ek589j4qc3zWkkPjeRlsRVSbHy4=",
      "requires": {
        "ast-types": "0.4.13",
        "cls": "0.1.5",
        "esprima-fb": "6001.1001.0-dev-harmony-fb",
        "private": "0.1.8",
        "source-map": "0.1.32"
      },
      "dependencies": {
        "esprima-fb": {
          "version": "6001.1001.0-dev-harmony-fb",
          "resolved": "https://registry.npmjs.org/esprima-fb/-/esprima-fb-6001.1001.0-dev-harmony-fb.tgz",
          "integrity": "sha1-qYghdQ+rrbFkzdGZqUNHo5GdGsU="
        },
        "source-map": {
          "version": "0.1.32",
          "resolved": "https://registry.npmjs.org/source-map/-/source-map-0.1.32.tgz",
          "integrity": "sha1-yLbBZ3l7pHQKjqMyUhYv8IWRsmY=",
          "requires": {
            "amdefine": "1.0.1"
          }
        }
      }
    },
    "ripemd160": {
      "version": "0.2.0",
      "resolved": "https://registry.npmjs.org/ripemd160/-/ripemd160-0.2.0.tgz",
      "integrity": "sha1-K/GYveFnys+lHAqSjoS2i74XH84="
    },
    "send": {
      "version": "0.5.0",
      "resolved": "https://registry.npmjs.org/send/-/send-0.5.0.tgz",
      "integrity": "sha1-/A9+L5Limuv9ihst60o5TnpTGmg=",
      "requires": {
        "debug": "1.0.2",
        "escape-html": "1.0.1",
        "finished": "1.2.2",
        "fresh": "0.2.2",
        "mime": "1.2.11",
        "ms": "0.6.2",
        "range-parser": "1.0.0"
      }
    },
    "serve-static": {
      "version": "1.3.2",
      "resolved": "https://registry.npmjs.org/serve-static/-/serve-static-1.3.2.tgz",
      "integrity": "sha1-2QSmy/VfURx4E49vRe5uadnRBco=",
      "requires": {
        "escape-html": "1.0.1",
        "parseurl": "1.1.3",
        "send": "0.6.0"
      },
      "dependencies": {
        "debug": {
          "version": "1.0.3",
          "resolved": "https://registry.npmjs.org/debug/-/debug-1.0.3.tgz",
          "integrity": "sha1-/IxrLWACgEtAgcAgjg9kYLofo+Q=",
          "requires": {
            "ms": "0.6.2"
          }
        },
        "parseurl": {
          "version": "1.1.3",
          "resolved": "https://registry.npmjs.org/parseurl/-/parseurl-1.1.3.tgz",
          "integrity": "sha1-HwBXOKxxtBe8LQhFy9+iqLY+pjk="
        },
        "send": {
          "version": "0.6.0",
          "resolved": "https://registry.npmjs.org/send/-/send-0.6.0.tgz",
          "integrity": "sha1-pZ2pJl23w1FB4Qec8fNo7g1Zs6s=",
          "requires": {
            "debug": "1.0.3",
            "depd": "0.3.0",
            "escape-html": "1.0.1",
            "finished": "1.2.2",
            "fresh": "0.2.2",
            "mime": "1.2.11",
            "ms": "0.6.2",
            "range-parser": "1.0.0"
          }
        }
      }
    },
    "sha.js": {
      "version": "2.1.6",
      "resolved": "https://registry.npmjs.org/sha.js/-/sha.js-2.1.6.tgz",
      "integrity": "sha1-IObrgfPmbwgd34TdjwRkvqbAL9Q=",
      "requires": {
        "buffer": "2.3.4"
      },
      "dependencies": {
        "buffer": {
          "version": "2.3.4",
          "resolved": "https://registry.npmjs.org/buffer/-/buffer-2.3.4.tgz",
          "integrity": "sha1-fkr1ojwV4T/L/VxaHsl0y2Fmikw=",
          "requires": {
            "base64-js": "0.0.7",
            "ieee754": "1.1.8"
          }
        }
      }
    },
    "sigmund": {
      "version": "1.0.1",
      "resolved": "https://registry.npmjs.org/sigmund/-/sigmund-1.0.1.tgz",
      "integrity": "sha1-P/IfGYytIXX587eBhT/ZTQ0ZtZA="
    },
    "source-map": {
      "version": "0.1.43",
      "resolved": "https://registry.npmjs.org/source-map/-/source-map-0.1.43.tgz",
      "integrity": "sha1-wkvBRspRfBRx9drL4lcbK3+eM0Y=",
      "requires": {
        "amdefine": "1.0.1"
      }
    },
    "stream-browserify": {
      "version": "1.0.0",
      "resolved": "https://registry.npmjs.org/stream-browserify/-/stream-browserify-1.0.0.tgz",
      "integrity": "sha1-v5tKv7QrJ011FHnkTg/yZWtvEZM=",
      "requires": {
        "inherits": "2.0.3",
        "readable-stream": "1.1.14"
      }
    },
    "string_decoder": {
      "version": "0.10.31",
      "resolved": "https://registry.npmjs.org/string_decoder/-/string_decoder-0.10.31.tgz",
      "integrity": "sha1-YuIDvEF2bGwoyfyEMB2rHFMQ+pQ="
    },
    "style-loader": {
      "version": "0.6.5",
      "resolved": "https://registry.npmjs.org/style-loader/-/style-loader-0.6.5.tgz",
      "integrity": "sha1-5pC/uPtjH4tLLQue5trbFPbVTDA="
    },
    "tapable": {
      "version": "0.1.10",
      "resolved": "https://registry.npmjs.org/tapable/-/tapable-0.1.10.tgz",
      "integrity": "sha1-KcNXB8K3DlDQdIK10gLo7URtr9Q="
    },
    "through": {
      "version": "2.3.8",
      "resolved": "https://registry.npmjs.org/through/-/through-2.3.8.tgz",
      "integrity": "sha1-DdTJ/6q8NXlgsbckEV1+Doai4fU="
    },
    "timers-browserify": {
      "version": "1.4.2",
      "resolved": "https://registry.npmjs.org/timers-browserify/-/timers-browserify-1.4.2.tgz",
      "integrity": "sha1-ycWLV1voQHN1y14kYtrO50NZ9B0=",
      "requires": {
        "process": "0.11.10"
      },
      "dependencies": {
        "process": {
          "version": "0.11.10",
          "resolved": "https://registry.npmjs.org/process/-/process-0.11.10.tgz",
          "integrity": "sha1-czIwDoQBYb2j5podHZGn1LwW8YI="
        }
      }
    },
    "tty-browserify": {
      "version": "0.0.0",
      "resolved": "https://registry.npmjs.org/tty-browserify/-/tty-browserify-0.0.0.tgz",
      "integrity": "sha1-oVe6QC2iTpv5V/mqadUk7tQpAaY="
    },
    "type-is": {
      "version": "1.3.2",
      "resolved": "https://registry.npmjs.org/type-is/-/type-is-1.3.2.tgz",
      "integrity": "sha1-TypdxYd1yhYwJQr8cYb4s2MJ0bs=",
      "requires": {
        "media-typer": "0.2.0",
        "mime-types": "1.0.2"
      }
    },
    "uglify-js": {
      "version": "2.4.24",
      "resolved": "https://registry.npmjs.org/uglify-js/-/uglify-js-2.4.24.tgz",
      "integrity": "sha1-+tV1XB4Vd2WLsG/5q25UjJW+vW4=",
      "requires": {
        "async": "0.2.10",
        "source-map": "0.1.34",
        "uglify-to-browserify": "1.0.2",
        "yargs": "3.5.4"
      },
      "dependencies": {
        "async": {
          "version": "0.2.10",
          "resolved": "https://registry.npmjs.org/async/-/async-0.2.10.tgz",
          "integrity": "sha1-trvgsGdLnXGXCMo43owjfLUmw9E="
        },
        "source-map": {
          "version": "0.1.34",
          "resolved": "https://registry.npmjs.org/source-map/-/source-map-0.1.34.tgz",
          "integrity": "sha1-p8/omux7FoLDsZjQrPtH19CQVms=",
          "requires": {
            "amdefine": "1.0.1"
          }
        }
      }
    },
    "uglify-to-browserify": {
      "version": "1.0.2",
      "resolved": "https://registry.npmjs.org/uglify-to-browserify/-/uglify-to-browserify-1.0.2.tgz",
      "integrity": "sha1-bgkk1r2mta/jSeOabWMoUKD4grc="
    },
    "url": {
      "version": "0.10.3",
      "resolved": "https://registry.npmjs.org/url/-/url-0.10.3.tgz",
      "integrity": "sha1-Ah5NnHcF8hu/N9A861h2dAJ3TGQ=",
      "requires": {
        "punycode": "1.3.2",
        "querystring": "0.2.0"
      },
      "dependencies": {
        "punycode": {
          "version": "1.3.2",
          "resolved": "https://registry.npmjs.org/punycode/-/punycode-1.3.2.tgz",
          "integrity": "sha1-llOgNvt8HuQjQvIyXM7v6jkmxI0="
        }
      }
    },
    "url-loader": {
      "version": "0.5.9",
      "resolved": "https://registry.npmjs.org/url-loader/-/url-loader-0.5.9.tgz",
      "integrity": "sha512-B7QYFyvv+fOBqBVeefsxv6koWWtjmHaMFT6KZWti4KRw8YUD/hOU+3AECvXuzyVawIBx3z7zQRejXCDSO5kk1Q==",
      "requires": {
        "loader-utils": "1.1.0",
        "mime": "1.3.6"
      },
      "dependencies": {
        "loader-utils": {
          "version": "1.1.0",
          "resolved": "https://registry.npmjs.org/loader-utils/-/loader-utils-1.1.0.tgz",
          "integrity": "sha1-yYrvSIvM7aL/teLeZG1qdUQp9c0=",
          "requires": {
            "big.js": "3.2.0",
            "emojis-list": "2.1.0",
            "json5": "0.5.1"
          }
        },
        "mime": {
          "version": "1.3.6",
          "resolved": "https://registry.npmjs.org/mime/-/mime-1.3.6.tgz",
          "integrity": "sha1-WR2E02U6awtKO5343lqoEI5y5eA="
        }
      }
    },
    "util": {
      "version": "0.10.3",
      "resolved": "https://registry.npmjs.org/util/-/util-0.10.3.tgz",
      "integrity": "sha1-evsa/lCAUkZInj23/g7TeTNqwPk=",
      "requires": {
        "inherits": "2.0.1"
      },
      "dependencies": {
        "inherits": {
          "version": "2.0.1",
          "resolved": "https://registry.npmjs.org/inherits/-/inherits-2.0.1.tgz",
          "integrity": "sha1-sX0I0ya0Qj5Wjv9xn5GwscvfafE="
        }
      }
    },
    "utils-merge": {
      "version": "1.0.0",
      "resolved": "https://registry.npmjs.org/utils-merge/-/utils-merge-1.0.0.tgz",
      "integrity": "sha1-ApT7kiu5N1FTVBxPcJYjHyh8ivg="
    },
    "vary": {
      "version": "0.1.0",
      "resolved": "https://registry.npmjs.org/vary/-/vary-0.1.0.tgz",
      "integrity": "sha1-3wlFiZ6TwMxb0YzIMh2dIedPYXY="
    },
    "vm-browserify": {
      "version": "0.0.4",
      "resolved": "https://registry.npmjs.org/vm-browserify/-/vm-browserify-0.0.4.tgz",
      "integrity": "sha1-XX6kW7755Kb/ZflUOOCofDV9WnM=",
      "requires": {
        "indexof": "0.0.1"
      }
    },
    "webpack": {
      "version": "1.3.7",
      "resolved": "https://registry.npmjs.org/webpack/-/webpack-1.3.7.tgz",
      "integrity": "sha1-cZjnF+imAIteIsv2hgkeqWHTo4g=",
      "requires": {
        "async": "0.9.2",
        "clone": "0.1.19",
        "enhanced-resolve": "0.7.6",
        "esprima": "1.2.5",
        "memory-fs": "0.1.1",
        "mkdirp": "0.5.1",
        "node-libs-browser": "0.3.1",
        "optimist": "0.6.1",
        "tapable": "0.1.10",
        "uglify-js": "2.4.24",
        "webpack-core": "0.4.8"
      },
      "dependencies": {
        "esprima": {
          "version": "1.2.5",
          "resolved": "https://registry.npmjs.org/esprima/-/esprima-1.2.5.tgz",
          "integrity": "sha1-CZNQL+r2aBODJXVvMPmlH+7sEek="
        },
        "mkdirp": {
          "version": "0.5.1",
          "resolved": "https://registry.npmjs.org/mkdirp/-/mkdirp-0.5.1.tgz",
          "integrity": "sha1-MAV0OOrGz3+MR2fzhkjWaX11yQM=",
          "requires": {
            "minimist": "0.0.8"
          }
        }
      }
    },
    "webpack-core": {
      "version": "0.4.8",
      "resolved": "https://registry.npmjs.org/webpack-core/-/webpack-core-0.4.8.tgz",
      "integrity": "sha1-B/xVq6gdF9uoyuWkPWvWkjb4tfg=",
      "requires": {
        "source-map": "0.1.43"
      }
    },
    "window-size": {
      "version": "0.1.0",
      "resolved": "https://registry.npmjs.org/window-size/-/window-size-0.1.0.tgz",
      "integrity": "sha1-VDjNLqk7IC76Ohn+iIeu58lPnJ0="
    },
    "wordwrap": {
      "version": "0.0.3",
      "resolved": "https://registry.npmjs.org/wordwrap/-/wordwrap-0.0.3.tgz",
      "integrity": "sha1-o9XabNXAvAAI03I0u68b7WMFkQc="
    },
    "xtend": {
      "version": "2.1.2",
      "resolved": "https://registry.npmjs.org/xtend/-/xtend-2.1.2.tgz",
      "integrity": "sha1-bv7MKk2tjmlixJAbM3znuoe10os=",
      "requires": {
        "object-keys": "0.4.0"
      }
    },
    "yargs": {
      "version": "3.5.4",
      "resolved": "https://registry.npmjs.org/yargs/-/yargs-3.5.4.tgz",
      "integrity": "sha1-2K/49mXpTDS9JZvevRv68N3TU2E=",
      "requires": {
        "camelcase": "1.2.1",
        "decamelize": "1.2.0",
        "window-size": "0.1.0",
        "wordwrap": "0.0.2"
      },
      "dependencies": {
        "wordwrap": {
          "version": "0.0.2",
          "resolved": "https://registry.npmjs.org/wordwrap/-/wordwrap-0.0.2.tgz",
          "integrity": "sha1-t5Zpu0LstAn4PVg8rVLKF+qhZD8="
        }
      }
    }
  }
}
